
Microsoft Visual Studio Solution File, Format Version 12.00
# Visual Studio Version 17
VisualStudioVersion = 17.14.36429.23 d17.14
MinimumVisualStudioVersion = 10.0.40219.1
Project("{FAE04EC0-301F-11D3-BF4B-00C04F79EFBC}") = "PharmaAPI", "PharmaAPI\PharmaAPI.csproj", "{A8B0CF69-1FA9-426D-BA73-6674F516CF90}"
EndProject
Global
	GlobalSection(SolutionConfigurationPlatforms) = preSolution
		Debug|Any CPU = Debug|Any CPU
		Release|Any CPU = Release|Any CPU
	EndGlobalSection
	GlobalSection(ProjectConfigurationPlatforms) = postSolution
		{A8B0CF69-1FA9-426D-BA73-6674F516CF90}.Debug|Any CPU.ActiveCfg = Debug|Any CPU
		{A8B0CF69-1FA9-426D-BA73-6674F516CF90}.Debug|Any CPU.Build.0 = Debug|Any CPU
		{A8B0CF69-1FA9-426D-BA73-6674F516CF90}.Release|Any CPU.ActiveCfg = Release|Any CPU
		{A8B0CF69-1FA9-426D-BA73-6674F516CF90}.Release|Any CPU.Build.0 = Release|Any CPU
	EndGlobalSection
	GlobalSection(SolutionProperties) = preSolution
		HideSolutionNode = FALSE
	EndGlobalSection
	GlobalSection(ExtensibilityGlobals) = postSolution
		SolutionGuid = {5F910324-360D-4FDB-8059-54E7BAF45CD3}
	EndGlobalSection
EndGlobal
